
Microsoft Visual Studio Solution File, Format Version 12.00
# Visual Studio 15
VisualStudioVersion = 15.0.28307.902
MinimumVisualStudioVersion = 10.0.40219.1
Project("{8BC9CEB8-8B4A-11D0-8D11-00A0C91BC942}") = "Hologram", "Hologram\Hologram.vcxproj", "{25FBBC8F-C16B-4680-8B38-841B4AB0CA1F}"
EndProject
Global
	GlobalSection(SolutionConfigurationPlatforms) = preSolution
		Debug|x64 = Debug|x64
		Debug|x86 = Debug|x86
		Release|x64 = Release|x64
		Release|x86 = Release|x86
	EndGlobalSection
	GlobalSection(ProjectConfigurationPlatforms) = postSolution
		{25FBBC8F-C16B-4680-8B38-841B4AB0CA1F}.Debug|x64.ActiveCfg = Debug|x64
		{25FBBC8F-C16B-4680-8B38-841B4AB0CA1F}.Debug|x64.Build.0 = Debug|x64
		{25FBBC8F-C16B-4680-8B38-841B4AB0CA1F}.Debug|x86.ActiveCfg = Debug|Win32
		{25FBBC8F-C16B-4680-8B38-841B4AB0CA1F}.Debug|x86.Build.0 = Debug|Win32
		{25FBBC8F-C16B-4680-8B38-841B4AB0CA1F}.Release|x64.ActiveCfg = Release|x64
		{25FBBC8F-C16B-4680-8B38-841B4AB0CA1F}.Release|x64.Build.0 = Release|x64
		{25FBBC8F-C16B-4680-8B38-841B4AB0CA1F}.Release|x86.ActiveCfg = Release|Win32
		{25FBBC8F-C16B-4680-8B38-841B4AB0CA1F}.Release|x86.Build.0 = Release|Win32
	EndGlobalSection
	GlobalSection(SolutionProperties) = preSolution
		HideSolutionNode = FALSE
	EndGlobalSection
	GlobalSection(ExtensibilityGlobals) = postSolution
		SolutionGuid = {A3339354-F1F7-4B64-BAFF-DC9A94ED06DE}
	EndGlobalSection
EndGlobal
