<?xml version="1.0" encoding="utf-8"?>
<Project ToolsVersion="15.0" xmlns="http://schemas.microsoft.com/developer/msbuild/2003">
  <ItemGroup>
    <ClCompile Include="D:\Desktop\assimp-5.0.0\contrib\irrXML\irrXML.cpp">
      <Filter>Source Files</Filter>
    </ClCompile>
  </ItemGroup>
  <ItemGroup>
    <ClInclude Include="D:\Desktop\assimp-5.0.0\contrib\irrXML\CXMLReaderImpl.h">
      <Filter>Header Files</Filter>
    </ClInclude>
    <ClInclude Include="D:\Desktop\assimp-5.0.0\contrib\irrXML\heapsort.h">
      <Filter>Header Files</Filter>
    </ClInclude>
    <ClInclude Include="D:\Desktop\assimp-5.0.0\contrib\irrXML\irrArray.h">
      <Filter>Header Files</Filter>
    </ClInclude>
    <ClInclude Include="D:\Desktop\assimp-5.0.0\contrib\irrXML\irrString.h">
      <Filter>Header Files</Filter>
    </ClInclude>
    <ClInclude Include="D:\Desktop\assimp-5.0.0\contrib\irrXML\irrTypes.h">
      <Filter>Header Files</Filter>
    </ClInclude>
    <ClInclude Include="D:\Desktop\assimp-5.0.0\contrib\irrXML\irrXML.h">
      <Filter>Header Files</Filter>
    </ClInclude>
  </ItemGroup>
  <ItemGroup>
    <CustomBuild Include="D:\Desktop\assimp-5.0.0\contrib\irrXML\CMakeLists.txt" />
  </ItemGroup>
  <ItemGroup>
    <Filter Include="Header Files">
      <UniqueIdentifier>{C99CA3BA-88BB-3F5A-85BA-CE11B76B755F}</UniqueIdentifier>
    </Filter>
    <Filter Include="Source Files">
      <UniqueIdentifier>{2D667617-0781-375F-92F2-BA47A5D00171}</UniqueIdentifier>
    </Filter>
  </ItemGroup>
</Project>
