Microsoft Visual Studio Solution File, Format Version 12.00
# Visual Studio 15
Project("{8BC9CEB8-8B4A-11D0-8D11-00A0C91BC942}") = "ALL_BUILD", "ALL_BUILD.vcxproj", "{127C9A50-342B-3E20-AC7A-C5250BBA26B1}"
	ProjectSection(ProjectDependencies) = postProject
		{7C6F3D6F-DC89-3D25-8D3E-F9FA2FC3AEA9} = {7C6F3D6F-DC89-3D25-8D3E-F9FA2FC3AEA9}
		{B0B6AFF0-48E4-34D3-802A-DF062234443A} = {B0B6AFF0-48E4-34D3-802A-DF062234443A}
		{EE7B478E-46EF-3904-B6FD-A19F3F79C208} = {EE7B478E-46EF-3904-B6FD-A19F3F79C208}
		{333DBC40-326B-3B23-A17D-21FF1164095B} = {333DBC40-326B-3B23-A17D-21FF1164095B}
		{B47B607D-44F5-3C2C-93A7-91F10BA5A6B4} = {B47B607D-44F5-3C2C-93A7-91F10BA5A6B4}
		{B55F85B6-EBA9-39F1-AD14-AABAD07B659F} = {B55F85B6-EBA9-39F1-AD14-AABAD07B659F}
		{A4997B27-1BFD-3396-8CAD-8707048EBBBF} = {A4997B27-1BFD-3396-8CAD-8707048EBBBF}
	EndProjectSection
EndProject
Project("{8BC9CEB8-8B4A-11D0-8D11-00A0C91BC942}") = "INSTALL", "INSTALL.vcxproj", "{0175DB1A-27C0-3AA7-8B8A-BB6C1ECE65D7}"
	ProjectSection(ProjectDependencies) = postProject
		{127C9A50-342B-3E20-AC7A-C5250BBA26B1} = {127C9A50-342B-3E20-AC7A-C5250BBA26B1}
		{B0B6AFF0-48E4-34D3-802A-DF062234443A} = {B0B6AFF0-48E4-34D3-802A-DF062234443A}
	EndProjectSection
EndProject
Project("{8BC9CEB8-8B4A-11D0-8D11-00A0C91BC942}") = "IrrXML", "contrib\irrXML\IrrXML.vcxproj", "{7C6F3D6F-DC89-3D25-8D3E-F9FA2FC3AEA9}"
	ProjectSection(ProjectDependencies) = postProject
		{B0B6AFF0-48E4-34D3-802A-DF062234443A} = {B0B6AFF0-48E4-34D3-802A-DF062234443A}
	EndProjectSection
EndProject
Project("{8BC9CEB8-8B4A-11D0-8D11-00A0C91BC942}") = "UpdateAssimpLibsDebugSymbolsAndDLLs", "UpdateAssimpLibsDebugSymbolsAndDLLs.vcxproj", "{5CFB130C-0D5A-36D0-9473-DC434C4DF4EF}"
	ProjectSection(ProjectDependencies) = postProject
		{B0B6AFF0-48E4-34D3-802A-DF062234443A} = {B0B6AFF0-48E4-34D3-802A-DF062234443A}
	EndProjectSection
EndProject
Project("{8BC9CEB8-8B4A-11D0-8D11-00A0C91BC942}") = "ZERO_CHECK", "ZERO_CHECK.vcxproj", "{B0B6AFF0-48E4-34D3-802A-DF062234443A}"
	ProjectSection(ProjectDependencies) = postProject
	EndProjectSection
EndProject
Project("{8BC9CEB8-8B4A-11D0-8D11-00A0C91BC942}") = "assimp", "code\assimp.vcxproj", "{EE7B478E-46EF-3904-B6FD-A19F3F79C208}"
	ProjectSection(ProjectDependencies) = postProject
		{7C6F3D6F-DC89-3D25-8D3E-F9FA2FC3AEA9} = {7C6F3D6F-DC89-3D25-8D3E-F9FA2FC3AEA9}
		{B0B6AFF0-48E4-34D3-802A-DF062234443A} = {B0B6AFF0-48E4-34D3-802A-DF062234443A}
		{A4997B27-1BFD-3396-8CAD-8707048EBBBF} = {A4997B27-1BFD-3396-8CAD-8707048EBBBF}
	EndProjectSection
EndProject
Project("{8BC9CEB8-8B4A-11D0-8D11-00A0C91BC942}") = "assimp_cmd", "tools\assimp_cmd\assimp_cmd.vcxproj", "{333DBC40-326B-3B23-A17D-21FF1164095B}"
	ProjectSection(ProjectDependencies) = postProject
		{7C6F3D6F-DC89-3D25-8D3E-F9FA2FC3AEA9} = {7C6F3D6F-DC89-3D25-8D3E-F9FA2FC3AEA9}
		{B0B6AFF0-48E4-34D3-802A-DF062234443A} = {B0B6AFF0-48E4-34D3-802A-DF062234443A}
		{EE7B478E-46EF-3904-B6FD-A19F3F79C208} = {EE7B478E-46EF-3904-B6FD-A19F3F79C208}
		{A4997B27-1BFD-3396-8CAD-8707048EBBBF} = {A4997B27-1BFD-3396-8CAD-8707048EBBBF}
	EndProjectSection
EndProject
Project("{8BC9CEB8-8B4A-11D0-8D11-00A0C91BC942}") = "uninstall", "uninstall.vcxproj", "{0CECBAC5-25B7-3458-A96D-8F1CE0A931F1}"
	ProjectSection(ProjectDependencies) = postProject
		{B0B6AFF0-48E4-34D3-802A-DF062234443A} = {B0B6AFF0-48E4-34D3-802A-DF062234443A}
	EndProjectSection
EndProject
Project("{8BC9CEB8-8B4A-11D0-8D11-00A0C91BC942}") = "unit", "test\unit.vcxproj", "{B47B607D-44F5-3C2C-93A7-91F10BA5A6B4}"
	ProjectSection(ProjectDependencies) = postProject
		{7C6F3D6F-DC89-3D25-8D3E-F9FA2FC3AEA9} = {7C6F3D6F-DC89-3D25-8D3E-F9FA2FC3AEA9}
		{B0B6AFF0-48E4-34D3-802A-DF062234443A} = {B0B6AFF0-48E4-34D3-802A-DF062234443A}
		{EE7B478E-46EF-3904-B6FD-A19F3F79C208} = {EE7B478E-46EF-3904-B6FD-A19F3F79C208}
		{A4997B27-1BFD-3396-8CAD-8707048EBBBF} = {A4997B27-1BFD-3396-8CAD-8707048EBBBF}
	EndProjectSection
EndProject
Project("{8BC9CEB8-8B4A-11D0-8D11-00A0C91BC942}") = "zlib", "contrib\zlib\zlib.vcxproj", "{B55F85B6-EBA9-39F1-AD14-AABAD07B659F}"
	ProjectSection(ProjectDependencies) = postProject
		{B0B6AFF0-48E4-34D3-802A-DF062234443A} = {B0B6AFF0-48E4-34D3-802A-DF062234443A}
	EndProjectSection
EndProject
Project("{8BC9CEB8-8B4A-11D0-8D11-00A0C91BC942}") = "zlibstatic", "contrib\zlib\zlibstatic.vcxproj", "{A4997B27-1BFD-3396-8CAD-8707048EBBBF}"
	ProjectSection(ProjectDependencies) = postProject
		{B0B6AFF0-48E4-34D3-802A-DF062234443A} = {B0B6AFF0-48E4-34D3-802A-DF062234443A}
	EndProjectSection
EndProject
Global
	GlobalSection(SolutionConfigurationPlatforms) = preSolution
		Debug|x64 = Debug|x64
		Release|x64 = Release|x64
		MinSizeRel|x64 = MinSizeRel|x64
		RelWithDebInfo|x64 = RelWithDebInfo|x64
	EndGlobalSection
	GlobalSection(ProjectConfigurationPlatforms) = postSolution
		{127C9A50-342B-3E20-AC7A-C5250BBA26B1}.Debug|x64.ActiveCfg = Debug|x64
		{127C9A50-342B-3E20-AC7A-C5250BBA26B1}.Debug|x64.Build.0 = Debug|x64
		{127C9A50-342B-3E20-AC7A-C5250BBA26B1}.Release|x64.ActiveCfg = Release|x64
		{127C9A50-342B-3E20-AC7A-C5250BBA26B1}.Release|x64.Build.0 = Release|x64
		{127C9A50-342B-3E20-AC7A-C5250BBA26B1}.MinSizeRel|x64.ActiveCfg = MinSizeRel|x64
		{127C9A50-342B-3E20-AC7A-C5250BBA26B1}.MinSizeRel|x64.Build.0 = MinSizeRel|x64
		{127C9A50-342B-3E20-AC7A-C5250BBA26B1}.RelWithDebInfo|x64.ActiveCfg = RelWithDebInfo|x64
		{127C9A50-342B-3E20-AC7A-C5250BBA26B1}.RelWithDebInfo|x64.Build.0 = RelWithDebInfo|x64
		{0175DB1A-27C0-3AA7-8B8A-BB6C1ECE65D7}.Debug|x64.ActiveCfg = Debug|x64
		{0175DB1A-27C0-3AA7-8B8A-BB6C1ECE65D7}.Release|x64.ActiveCfg = Release|x64
		{0175DB1A-27C0-3AA7-8B8A-BB6C1ECE65D7}.MinSizeRel|x64.ActiveCfg = MinSizeRel|x64
		{0175DB1A-27C0-3AA7-8B8A-BB6C1ECE65D7}.RelWithDebInfo|x64.ActiveCfg = RelWithDebInfo|x64
		{7C6F3D6F-DC89-3D25-8D3E-F9FA2FC3AEA9}.Debug|x64.ActiveCfg = Debug|x64
		{7C6F3D6F-DC89-3D25-8D3E-F9FA2FC3AEA9}.Debug|x64.Build.0 = Debug|x64
		{7C6F3D6F-DC89-3D25-8D3E-F9FA2FC3AEA9}.Release|x64.ActiveCfg = Release|x64
		{7C6F3D6F-DC89-3D25-8D3E-F9FA2FC3AEA9}.Release|x64.Build.0 = Release|x64
		{7C6F3D6F-DC89-3D25-8D3E-F9FA2FC3AEA9}.MinSizeRel|x64.ActiveCfg = MinSizeRel|x64
		{7C6F3D6F-DC89-3D25-8D3E-F9FA2FC3AEA9}.MinSizeRel|x64.Build.0 = MinSizeRel|x64
		{7C6F3D6F-DC89-3D25-8D3E-F9FA2FC3AEA9}.RelWithDebInfo|x64.ActiveCfg = RelWithDebInfo|x64
		{7C6F3D6F-DC89-3D25-8D3E-F9FA2FC3AEA9}.RelWithDebInfo|x64.Build.0 = RelWithDebInfo|x64
		{5CFB130C-0D5A-36D0-9473-DC434C4DF4EF}.Debug|x64.ActiveCfg = Debug|x64
		{5CFB130C-0D5A-36D0-9473-DC434C4DF4EF}.Release|x64.ActiveCfg = Release|x64
		{5CFB130C-0D5A-36D0-9473-DC434C4DF4EF}.MinSizeRel|x64.ActiveCfg = MinSizeRel|x64
		{5CFB130C-0D5A-36D0-9473-DC434C4DF4EF}.RelWithDebInfo|x64.ActiveCfg = RelWithDebInfo|x64
		{B0B6AFF0-48E4-34D3-802A-DF062234443A}.Debug|x64.ActiveCfg = Debug|x64
		{B0B6AFF0-48E4-34D3-802A-DF062234443A}.Debug|x64.Build.0 = Debug|x64
		{B0B6AFF0-48E4-34D3-802A-DF062234443A}.Release|x64.ActiveCfg = Release|x64
		{B0B6AFF0-48E4-34D3-802A-DF062234443A}.Release|x64.Build.0 = Release|x64
		{B0B6AFF0-48E4-34D3-802A-DF062234443A}.MinSizeRel|x64.ActiveCfg = MinSizeRel|x64
		{B0B6AFF0-48E4-34D3-802A-DF062234443A}.MinSizeRel|x64.Build.0 = MinSizeRel|x64
		{B0B6AFF0-48E4-34D3-802A-DF062234443A}.RelWithDebInfo|x64.ActiveCfg = RelWithDebInfo|x64
		{B0B6AFF0-48E4-34D3-802A-DF062234443A}.RelWithDebInfo|x64.Build.0 = RelWithDebInfo|x64
		{EE7B478E-46EF-3904-B6FD-A19F3F79C208}.Debug|x64.ActiveCfg = Debug|x64
		{EE7B478E-46EF-3904-B6FD-A19F3F79C208}.Debug|x64.Build.0 = Debug|x64
		{EE7B478E-46EF-3904-B6FD-A19F3F79C208}.Release|x64.ActiveCfg = Release|x64
		{EE7B478E-46EF-3904-B6FD-A19F3F79C208}.Release|x64.Build.0 = Release|x64
		{EE7B478E-46EF-3904-B6FD-A19F3F79C208}.MinSizeRel|x64.ActiveCfg = MinSizeRel|x64
		{EE7B478E-46EF-3904-B6FD-A19F3F79C208}.MinSizeRel|x64.Build.0 = MinSizeRel|x64
		{EE7B478E-46EF-3904-B6FD-A19F3F79C208}.RelWithDebInfo|x64.ActiveCfg = RelWithDebInfo|x64
		{EE7B478E-46EF-3904-B6FD-A19F3F79C208}.RelWithDebInfo|x64.Build.0 = RelWithDebInfo|x64
		{333DBC40-326B-3B23-A17D-21FF1164095B}.Debug|x64.ActiveCfg = Debug|x64
		{333DBC40-326B-3B23-A17D-21FF1164095B}.Debug|x64.Build.0 = Debug|x64
		{333DBC40-326B-3B23-A17D-21FF1164095B}.Release|x64.ActiveCfg = Release|x64
		{333DBC40-326B-3B23-A17D-21FF1164095B}.Release|x64.Build.0 = Release|x64
		{333DBC40-326B-3B23-A17D-21FF1164095B}.MinSizeRel|x64.ActiveCfg = MinSizeRel|x64
		{333DBC40-326B-3B23-A17D-21FF1164095B}.MinSizeRel|x64.Build.0 = MinSizeRel|x64
		{333DBC40-326B-3B23-A17D-21FF1164095B}.RelWithDebInfo|x64.ActiveCfg = RelWithDebInfo|x64
		{333DBC40-326B-3B23-A17D-21FF1164095B}.RelWithDebInfo|x64.Build.0 = RelWithDebInfo|x64
		{0CECBAC5-25B7-3458-A96D-8F1CE0A931F1}.Debug|x64.ActiveCfg = Debug|x64
		{0CECBAC5-25B7-3458-A96D-8F1CE0A931F1}.Release|x64.ActiveCfg = Release|x64
		{0CECBAC5-25B7-3458-A96D-8F1CE0A931F1}.MinSizeRel|x64.ActiveCfg = MinSizeRel|x64
		{0CECBAC5-25B7-3458-A96D-8F1CE0A931F1}.RelWithDebInfo|x64.ActiveCfg = RelWithDebInfo|x64
		{B47B607D-44F5-3C2C-93A7-91F10BA5A6B4}.Debug|x64.ActiveCfg = Debug|x64
		{B47B607D-44F5-3C2C-93A7-91F10BA5A6B4}.Debug|x64.Build.0 = Debug|x64
		{B47B607D-44F5-3C2C-93A7-91F10BA5A6B4}.Release|x64.ActiveCfg = Release|x64
		{B47B607D-44F5-3C2C-93A7-91F10BA5A6B4}.Release|x64.Build.0 = Release|x64
		{B47B607D-44F5-3C2C-93A7-91F10BA5A6B4}.MinSizeRel|x64.ActiveCfg = MinSizeRel|x64
		{B47B607D-44F5-3C2C-93A7-91F10BA5A6B4}.MinSizeRel|x64.Build.0 = MinSizeRel|x64
		{B47B607D-44F5-3C2C-93A7-91F10BA5A6B4}.RelWithDebInfo|x64.ActiveCfg = RelWithDebInfo|x64
		{B47B607D-44F5-3C2C-93A7-91F10BA5A6B4}.RelWithDebInfo|x64.Build.0 = RelWithDebInfo|x64
		{B55F85B6-EBA9-39F1-AD14-AABAD07B659F}.Debug|x64.ActiveCfg = Debug|x64
		{B55F85B6-EBA9-39F1-AD14-AABAD07B659F}.Debug|x64.Build.0 = Debug|x64
		{B55F85B6-EBA9-39F1-AD14-AABAD07B659F}.Release|x64.ActiveCfg = Release|x64
		{B55F85B6-EBA9-39F1-AD14-AABAD07B659F}.Release|x64.Build.0 = Release|x64
		{B55F85B6-EBA9-39F1-AD14-AABAD07B659F}.MinSizeRel|x64.ActiveCfg = MinSizeRel|x64
		{B55F85B6-EBA9-39F1-AD14-AABAD07B659F}.MinSizeRel|x64.Build.0 = MinSizeRel|x64
		{B55F85B6-EBA9-39F1-AD14-AABAD07B659F}.RelWithDebInfo|x64.ActiveCfg = RelWithDebInfo|x64
		{B55F85B6-EBA9-39F1-AD14-AABAD07B659F}.RelWithDebInfo|x64.Build.0 = RelWithDebInfo|x64
		{A4997B27-1BFD-3396-8CAD-8707048EBBBF}.Debug|x64.ActiveCfg = Debug|x64
		{A4997B27-1BFD-3396-8CAD-8707048EBBBF}.Debug|x64.Build.0 = Debug|x64
		{A4997B27-1BFD-3396-8CAD-8707048EBBBF}.Release|x64.ActiveCfg = Release|x64
		{A4997B27-1BFD-3396-8CAD-8707048EBBBF}.Release|x64.Build.0 = Release|x64
		{A4997B27-1BFD-3396-8CAD-8707048EBBBF}.MinSizeRel|x64.ActiveCfg = MinSizeRel|x64
		{A4997B27-1BFD-3396-8CAD-8707048EBBBF}.MinSizeRel|x64.Build.0 = MinSizeRel|x64
		{A4997B27-1BFD-3396-8CAD-8707048EBBBF}.RelWithDebInfo|x64.ActiveCfg = RelWithDebInfo|x64
		{A4997B27-1BFD-3396-8CAD-8707048EBBBF}.RelWithDebInfo|x64.Build.0 = RelWithDebInfo|x64
	EndGlobalSection
	GlobalSection(ExtensibilityGlobals) = postSolution
		SolutionGuid = {E68C14B2-264F-307E-98E8-276F1AB5B20C}
	EndGlobalSection
	GlobalSection(ExtensibilityAddIns) = postSolution
	EndGlobalSection
EndGlobal
