<?xml version="1.0" encoding="utf-8"?>
<Project ToolsVersion="15.0" xmlns="http://schemas.microsoft.com/developer/msbuild/2003">
  <ItemGroup>
    <CustomBuild Include="D:\Desktop\labs\Hologram\Hologram\Dependencies\Cmake\CMakeFiles\60bf819bcae0b9082faef0d39d45b483\generate.stamp.rule">
      <Filter>CMake Rules</Filter>
    </CustomBuild>
  </ItemGroup>
  <ItemGroup>
    <Filter Include="CMake Rules">
      <UniqueIdentifier>{B2D53D4E-B489-344D-B968-1D2AE0A75B64}</UniqueIdentifier>
    </Filter>
  </ItemGroup>
</Project>
